
Microsoft Visual Studio Solution File, Format Version 12.00
# Visual Studio 15
Project("{FAE04EC0-301F-11D3-BF4B-00C04F79EFBC}") = "Assembly-CSharp", "Assembly-CSharp.csproj", "{FC486780-50D4-01F5-8988-603F6CC9BE53}"
EndProject
Project("{FAE04EC0-301F-11D3-BF4B-00C04F79EFBC}") = "Assembly-CSharp-Editor", "Assembly-CSharp-Editor.csproj", "{74DCBC45-700D-1526-C514-FF19DE25FEED}"
EndProject
Global
	GlobalSection(SolutionConfigurationPlatforms) = preSolution
		Debug|Any CPU = Debug|Any CPU
		Release|Any CPU = Release|Any CPU
	EndGlobalSection
	GlobalSection(ProjectConfigurationPlatforms) = postSolution
		{FC486780-50D4-01F5-8988-603F6CC9BE53}.Debug|Any CPU.ActiveCfg = Debug|Any CPU
		{FC486780-50D4-01F5-8988-603F6CC9BE53}.Debug|Any CPU.Build.0 = Debug|Any CPU
		{FC486780-50D4-01F5-8988-603F6CC9BE53}.Release|Any CPU.ActiveCfg = Release|Any CPU
		{FC486780-50D4-01F5-8988-603F6CC9BE53}.Release|Any CPU.Build.0 = Release|Any CPU
		{74DCBC45-700D-1526-C514-FF19DE25FEED}.Debug|Any CPU.ActiveCfg = Debug|Any CPU
		{74DCBC45-700D-1526-C514-FF19DE25FEED}.Debug|Any CPU.Build.0 = Debug|Any CPU
		{74DCBC45-700D-1526-C514-FF19DE25FEED}.Release|Any CPU.ActiveCfg = Release|Any CPU
		{74DCBC45-700D-1526-C514-FF19DE25FEED}.Release|Any CPU.Build.0 = Release|Any CPU
	EndGlobalSection
	GlobalSection(SolutionProperties) = preSolution
		HideSolutionNode = FALSE
	EndGlobalSection
EndGlobal
