
Microsoft Visual Studio Solution File, Format Version 12.00
# Visual Studio 15
Project("{FAE04EC0-301F-11D3-BF4B-00C04F79EFBC}") = "Assembly-CSharp", "Assembly-CSharp.csproj", "{2E6A38F6-F440-829E-4D5A-5B0F4D455A66}"
EndProject
Project("{FAE04EC0-301F-11D3-BF4B-00C04F79EFBC}") = "Assembly-CSharp-Editor", "Assembly-CSharp-Editor.csproj", "{2E74B0D1-297C-A4B9-7F88-B81427E38EAA}"
EndProject
Global
	GlobalSection(SolutionConfigurationPlatforms) = preSolution
		Debug|Any CPU = Debug|Any CPU
		Release|Any CPU = Release|Any CPU
	EndGlobalSection
	GlobalSection(ProjectConfigurationPlatforms) = postSolution
		{2E6A38F6-F440-829E-4D5A-5B0F4D455A66}.Debug|Any CPU.ActiveCfg = Debug|Any CPU
		{2E6A38F6-F440-829E-4D5A-5B0F4D455A66}.Debug|Any CPU.Build.0 = Debug|Any CPU
		{2E6A38F6-F440-829E-4D5A-5B0F4D455A66}.Release|Any CPU.ActiveCfg = Release|Any CPU
		{2E6A38F6-F440-829E-4D5A-5B0F4D455A66}.Release|Any CPU.Build.0 = Release|Any CPU
		{2E74B0D1-297C-A4B9-7F88-B81427E38EAA}.Debug|Any CPU.ActiveCfg = Debug|Any CPU
		{2E74B0D1-297C-A4B9-7F88-B81427E38EAA}.Debug|Any CPU.Build.0 = Debug|Any CPU
		{2E74B0D1-297C-A4B9-7F88-B81427E38EAA}.Release|Any CPU.ActiveCfg = Release|Any CPU
		{2E74B0D1-297C-A4B9-7F88-B81427E38EAA}.Release|Any CPU.Build.0 = Release|Any CPU
	EndGlobalSection
	GlobalSection(SolutionProperties) = preSolution
		HideSolutionNode = FALSE
	EndGlobalSection
EndGlobal
